{
  "version": 4,
  "terraform_version": "1.8.2",
  "serial": 1,
  "lineage": "b3acaac4-32b3-6ad2-bd21-f997e8393167",
  "outputs": {},
  "resources": [
    {
      "mode": "managed",
      "type": "local_file",
      "name": "games",
      "provider": "provider[\"registry.terraform.io/hashicorp/local\"]",
      "instances": [
        {
          "schema_version": 0,
          "attributes": {
            "content": "creating a local file using terraform",
            "content_base64": null,
            "content_base64sha256": "9ZFag8wlNZJqRbRDpYXzAtQRbSCLaqWJD0VYDsAavL0=",
            "content_base64sha512": "0bt4QZFXAD5yLDm1oVI5y093HppRzThJ0rIFC7ihFQIAdEXDZho2ZySfJL/IFzzGx2pRkg/qS2hyxFFjcxltkA==",
            "content_md5": "69b24e95446cb8641329bd168c0fea2e",
            "content_sha1": "f1931b857a9b404fa6241dfab4718453b8e622ac",
            "content_sha256": "f5915a83cc2535926a45b443a585f302d4116d208b6aa5890f45580ec01abcbd",
            "content_sha512": "d1bb78419157003e722c39b5a15239cb4f771e9a51cd3849d2b2050bb8a11502007445c3661a3667249f24bfc8173cc6c76a51920fea4b6872c4516373196d90",
            "directory_permission": "0777",
            "file_permission": "0777",
            "filename": "C:/Users/samondal/devops/devops-master-class-master/devops-master-class-master/terraform/backup/favorite_games",
            "id": "f1931b857a9b404fa6241dfab4718453b8e622ac",
            "sensitive_content": null,
            "source": null
          },
          "sensitive_attributes": [
            [
              {
                "type": "get_attr",
                "value": "sensitive_content"
              }
            ]
          ]
        }
      ]
    }
  ],
  "check_results": null
}
